// !$*UTF8*$!
{
	archiveVersion = 1;
	classes = {
	};
	objectVersion = 55;
	objects = {

/* Begin PBXBuildFile section */
		7139569127EE558100C5F6B7 /* AppDelegate.swift in Sources */ = {isa = PBXBuildFile; fileRef = 7139569027EE558100C5F6B7 /* AppDelegate.swift */; };
		7139569327EE558100C5F6B7 /* SceneDelegate.swift in Sources */ = {isa = PBXBuildFile; fileRef = 7139569227EE558100C5F6B7 /* SceneDelegate.swift */; };
		7139569527EE558100C5F6B7 /* MoviesTableViewController.swift in Sources */ = {isa = PBXBuildFile; fileRef = 7139569427EE558100C5F6B7 /* MoviesTableViewController.swift */; };
		7139569A27EE558300C5F6B7 /* Assets.xcassets in Resources */ = {isa = PBXBuildFile; fileRef = 7139569927EE558300C5F6B7 /* Assets.xcassets */; };
		7139569D27EE558300C5F6B7 /* LaunchScreen.storyboard in Resources */ = {isa = PBXBuildFile; fileRef = 7139569B27EE558300C5F6B7 /* LaunchScreen.storyboard */; };
		713956AE27EE586600C5F6B7 /* MovieCell.swift in Sources */ = {isa = PBXBuildFile; fileRef = 713956AC27EE586600C5F6B7 /* MovieCell.swift */; };
		713956AF27EE586600C5F6B7 /* MovieCell.xib in Resources */ = {isa = PBXBuildFile; fileRef = 713956AD27EE586600C5F6B7 /* MovieCell.xib */; };
		713956B327EE5C3F00C5F6B7 /* MovieDBService.m in Sources */ = {isa = PBXBuildFile; fileRef = 713956B227EE5C3F00C5F6B7 /* MovieDBService.m */; };
		713956B927EE610700C5F6B7 /* Movie.m in Sources */ = {isa = PBXBuildFile; fileRef = 713956B727EE610700C5F6B7 /* Movie.m */; };
		713956BF27EE717B00C5F6B7 /* Storyboarded.swift in Sources */ = {isa = PBXBuildFile; fileRef = 713956BD27EE717B00C5F6B7 /* Storyboarded.swift */; };
		713956C027EE717B00C5F6B7 /* Coordinator.swift in Sources */ = {isa = PBXBuildFile; fileRef = 713956BE27EE717B00C5F6B7 /* Coordinator.swift */; };
		713956C327EE71DF00C5F6B7 /* MainCoordinator.swift in Sources */ = {isa = PBXBuildFile; fileRef = 713956C227EE71DF00C5F6B7 /* MainCoordinator.swift */; };
/* End PBXBuildFile section */

/* Begin PBXFileReference section */
		7139568D27EE558100C5F6B7 /* Objective Bridge.app */ = {isa = PBXFileReference; explicitFileType = wrapper.application; includeInIndex = 0; path = "Objective Bridge.app"; sourceTree = BUILT_PRODUCTS_DIR; };
		7139569027EE558100C5F6B7 /* AppDelegate.swift */ = {isa = PBXFileReference; lastKnownFileType = sourcecode.swift; path = AppDelegate.swift; sourceTree = "<group>"; };
		7139569227EE558100C5F6B7 /* SceneDelegate.swift */ = {isa = PBXFileReference; lastKnownFileType = sourcecode.swift; path = SceneDelegate.swift; sourceTree = "<group>"; };
		7139569427EE558100C5F6B7 /* MoviesTableViewController.swift */ = {isa = PBXFileReference; lastKnownFileType = sourcecode.swift; path = MoviesTableViewController.swift; sourceTree = "<group>"; };
		7139569927EE558300C5F6B7 /* Assets.xcassets */ = {isa = PBXFileReference; lastKnownFileType = folder.assetcatalog; path = Assets.xcassets; sourceTree = "<group>"; };
		7139569C27EE558300C5F6B7 /* Base */ = {isa = PBXFileReference; lastKnownFileType = file.storyboard; name = Base; path = Base.lproj/LaunchScreen.storyboard; sourceTree = "<group>"; };
		7139569E27EE558300C5F6B7 /* Info.plist */ = {isa = PBXFileReference; lastKnownFileType = text.plist.xml; path = Info.plist; sourceTree = "<group>"; };
		713956AC27EE586600C5F6B7 /* MovieCell.swift */ = {isa = PBXFileReference; lastKnownFileType = sourcecode.swift; path = MovieCell.swift; sourceTree = "<group>"; };
		713956AD27EE586600C5F6B7 /* MovieCell.xib */ = {isa = PBXFileReference; lastKnownFileType = file.xib; path = MovieCell.xib; sourceTree = "<group>"; };
		713956B127EE5C3F00C5F6B7 /* Objective Bridge-Bridging-Header.h */ = {isa = PBXFileReference; lastKnownFileType = sourcecode.c.h; path = "Objective Bridge-Bridging-Header.h"; sourceTree = "<group>"; };
		713956B227EE5C3F00C5F6B7 /* MovieDBService.m */ = {isa = PBXFileReference; lastKnownFileType = sourcecode.c.objc; path = MovieDBService.m; sourceTree = "<group>"; };
		713956B427EE5CF200C5F6B7 /* MovieDBService.h */ = {isa = PBXFileReference; lastKnownFileType = sourcecode.c.h; path = MovieDBService.h; sourceTree = "<group>"; };
		713956B727EE610700C5F6B7 /* Movie.m */ = {isa = PBXFileReference; fileEncoding = 4; lastKnownFileType = sourcecode.c.objc; path = Movie.m; sourceTree = "<group>"; };
		713956B827EE610700C5F6B7 /* Movie.h */ = {isa = PBXFileReference; fileEncoding = 4; lastKnownFileType = sourcecode.c.h; path = Movie.h; sourceTree = "<group>"; };
		713956BD27EE717B00C5F6B7 /* Storyboarded.swift */ = {isa = PBXFileReference; fileEncoding = 4; lastKnownFileType = sourcecode.swift; path = Storyboarded.swift; sourceTree = "<group>"; };
		713956BE27EE717B00C5F6B7 /* Coordinator.swift */ = {isa = PBXFileReference; fileEncoding = 4; lastKnownFileType = sourcecode.swift; path = Coordinator.swift; sourceTree = "<group>"; };
		713956C227EE71DF00C5F6B7 /* MainCoordinator.swift */ = {isa = PBXFileReference; lastKnownFileType = sourcecode.swift; path = MainCoordinator.swift; sourceTree = "<group>"; };
/* End PBXFileReference section */

/* Begin PBXFrameworksBuildPhase section */
		7139568A27EE558100C5F6B7 /* Frameworks */ = {
			isa = PBXFrameworksBuildPhase;
			buildActionMask = 2147483647;
			files = (
			);
			runOnlyForDeploymentPostprocessing = 0;
		};
/* End PBXFrameworksBuildPhase section */

/* Begin PBXGroup section */
		7139568427EE558100C5F6B7 = {
			isa = PBXGroup;
			children = (
				7139568F27EE558100C5F6B7 /* Objective Bridge */,
				7139568E27EE558100C5F6B7 /* Products */,
			);
			sourceTree = "<group>";
		};
		7139568E27EE558100C5F6B7 /* Products */ = {
			isa = PBXGroup;
			children = (
				7139568D27EE558100C5F6B7 /* Objective Bridge.app */,
			);
			name = Products;
			sourceTree = "<group>";
		};
		7139568F27EE558100C5F6B7 /* Objective Bridge */ = {
			isa = PBXGroup;
			children = (
				713956A427EE569F00C5F6B7 /* App */,
				713956BC27EE716A00C5F6B7 /* Coordinator */,
				713956B027EE5C1100C5F6B7 /* Networking */,
				713956BB27EE618300C5F6B7 /* Movies */,
				713956C427EE721D00C5F6B7 /* Details */,
				713956BA27EE613A00C5F6B7 /* Model */,
				7139569927EE558300C5F6B7 /* Assets.xcassets */,
				7139569B27EE558300C5F6B7 /* LaunchScreen.storyboard */,
				7139569E27EE558300C5F6B7 /* Info.plist */,
			);
			path = "Objective Bridge";
			sourceTree = "<group>";
		};
		713956A427EE569F00C5F6B7 /* App */ = {
			isa = PBXGroup;
			children = (
				7139569027EE558100C5F6B7 /* AppDelegate.swift */,
				7139569227EE558100C5F6B7 /* SceneDelegate.swift */,
				713956B127EE5C3F00C5F6B7 /* Objective Bridge-Bridging-Header.h */,
			);
			path = App;
			sourceTree = "<group>";
		};
		713956AB27EE571100C5F6B7 /* Movie Cell */ = {
			isa = PBXGroup;
			children = (
				713956AC27EE586600C5F6B7 /* MovieCell.swift */,
				713956AD27EE586600C5F6B7 /* MovieCell.xib */,
			);
			path = "Movie Cell";
			sourceTree = "<group>";
		};
		713956B027EE5C1100C5F6B7 /* Networking */ = {
			isa = PBXGroup;
			children = (
				713956B227EE5C3F00C5F6B7 /* MovieDBService.m */,
				713956B427EE5CF200C5F6B7 /* MovieDBService.h */,
			);
			path = Networking;
			sourceTree = "<group>";
		};
		713956BA27EE613A00C5F6B7 /* Model */ = {
			isa = PBXGroup;
			children = (
				713956B727EE610700C5F6B7 /* Movie.m */,
				713956B827EE610700C5F6B7 /* Movie.h */,
			);
			path = Model;
			sourceTree = "<group>";
		};
		713956BB27EE618300C5F6B7 /* Movies */ = {
			isa = PBXGroup;
			children = (
				7139569427EE558100C5F6B7 /* MoviesTableViewController.swift */,
				713956AB27EE571100C5F6B7 /* Movie Cell */,
			);
			path = Movies;
			sourceTree = "<group>";
		};
		713956BC27EE716A00C5F6B7 /* Coordinator */ = {
			isa = PBXGroup;
			children = (
				713956C127EE71C700C5F6B7 /* Util */,
				713956C227EE71DF00C5F6B7 /* MainCoordinator.swift */,
			);
			path = Coordinator;
			sourceTree = "<group>";
		};
		713956C127EE71C700C5F6B7 /* Util */ = {
			isa = PBXGroup;
			children = (
				713956BE27EE717B00C5F6B7 /* Coordinator.swift */,
				713956BD27EE717B00C5F6B7 /* Storyboarded.swift */,
			);
			path = Util;
			sourceTree = "<group>";
		};
		713956C427EE721D00C5F6B7 /* Details */ = {
			isa = PBXGroup;
			children = (
			);
			path = Details;
			sourceTree = "<group>";
		};
/* End PBXGroup section */

/* Begin PBXNativeTarget section */
		7139568C27EE558100C5F6B7 /* Objective Bridge */ = {
			isa = PBXNativeTarget;
			buildConfigurationList = 713956A127EE558300C5F6B7 /* Build configuration list for PBXNativeTarget "Objective Bridge" */;
			buildPhases = (
				7139568927EE558100C5F6B7 /* Sources */,
				7139568A27EE558100C5F6B7 /* Frameworks */,
				7139568B27EE558100C5F6B7 /* Resources */,
			);
			buildRules = (
			);
			dependencies = (
			);
			name = "Objective Bridge";
			productName = "Objective Bridge";
			productReference = 7139568D27EE558100C5F6B7 /* Objective Bridge.app */;
			productType = "com.apple.product-type.application";
		};
/* End PBXNativeTarget section */

/* Begin PBXProject section */
		7139568527EE558100C5F6B7 /* Project object */ = {
			isa = PBXProject;
			attributes = {
				BuildIndependentTargetsInParallel = 1;
				LastSwiftUpdateCheck = 1330;
				LastUpgradeCheck = 1330;
				TargetAttributes = {
					7139568C27EE558100C5F6B7 = {
						CreatedOnToolsVersion = 13.3;
						LastSwiftMigration = 1330;
					};
				};
			};
			buildConfigurationList = 7139568827EE558100C5F6B7 /* Build configuration list for PBXProject "Objective Bridge" */;
			compatibilityVersion = "Xcode 13.0";
			developmentRegion = en;
			hasScannedForEncodings = 0;
			knownRegions = (
				en,
				Base,
			);
			mainGroup = 7139568427EE558100C5F6B7;
			productRefGroup = 7139568E27EE558100C5F6B7 /* Products */;
			projectDirPath = "";
			projectRoot = "";
			targets = (
				7139568C27EE558100C5F6B7 /* Objective Bridge */,
			);
		};
/* End PBXProject section */

/* Begin PBXResourcesBuildPhase section */
		7139568B27EE558100C5F6B7 /* Resources */ = {
			isa = PBXResourcesBuildPhase;
			buildActionMask = 2147483647;
			files = (
				713956AF27EE586600C5F6B7 /* MovieCell.xib in Resources */,
				7139569D27EE558300C5F6B7 /* LaunchScreen.storyboard in Resources */,
				7139569A27EE558300C5F6B7 /* Assets.xcassets in Resources */,
			);
			runOnlyForDeploymentPostprocessing = 0;
		};
/* End PBXResourcesBuildPhase section */

/* Begin PBXSourcesBuildPhase section */
		7139568927EE558100C5F6B7 /* Sources */ = {
			isa = PBXSourcesBuildPhase;
			buildActionMask = 2147483647;
			files = (
				713956C027EE717B00C5F6B7 /* Coordinator.swift in Sources */,
				713956B927EE610700C5F6B7 /* Movie.m in Sources */,
				713956B327EE5C3F00C5F6B7 /* MovieDBService.m in Sources */,
				7139569527EE558100C5F6B7 /* MoviesTableViewController.swift in Sources */,
				7139569127EE558100C5F6B7 /* AppDelegate.swift in Sources */,
				7139569327EE558100C5F6B7 /* SceneDelegate.swift in Sources */,
				713956AE27EE586600C5F6B7 /* MovieCell.swift in Sources */,
				713956C327EE71DF00C5F6B7 /* MainCoordinator.swift in Sources */,
				713956BF27EE717B00C5F6B7 /* Storyboarded.swift in Sources */,
			);
			runOnlyForDeploymentPostprocessing = 0;
		};
/* End PBXSourcesBuildPhase section */

/* Begin PBXVariantGroup section */
		7139569B27EE558300C5F6B7 /* LaunchScreen.storyboard */ = {
			isa = PBXVariantGroup;
			children = (
				7139569C27EE558300C5F6B7 /* Base */,
			);
			name = LaunchScreen.storyboard;
			sourceTree = "<group>";
		};
/* End PBXVariantGroup section */

/* Begin XCBuildConfiguration section */
		7139569F27EE558300C5F6B7 /* Debug */ = {
			isa = XCBuildConfiguration;
			buildSettings = {
				ALWAYS_SEARCH_USER_PATHS = NO;
				CLANG_ANALYZER_NONNULL = YES;
				CLANG_ANALYZER_NUMBER_OBJECT_CONVERSION = YES_AGGRESSIVE;
				CLANG_CXX_LANGUAGE_STANDARD = "gnu++17";
				CLANG_ENABLE_MODULES = YES;
				CLANG_ENABLE_OBJC_ARC = YES;
				CLANG_ENABLE_OBJC_WEAK = YES;
				CLANG_WARN_BLOCK_CAPTURE_AUTORELEASING = YES;
				CLANG_WARN_BOOL_CONVERSION = YES;
				CLANG_WARN_COMMA = YES;
				CLANG_WARN_CONSTANT_CONVERSION = YES;
				CLANG_WARN_DEPRECATED_OBJC_IMPLEMENTATIONS = YES;
				CLANG_WARN_DIRECT_OBJC_ISA_USAGE = YES_ERROR;
				CLANG_WARN_DOCUMENTATION_COMMENTS = YES;
				CLANG_WARN_EMPTY_BODY = YES;
				CLANG_WARN_ENUM_CONVERSION = YES;
				CLANG_WARN_INFINITE_RECURSION = YES;
				CLANG_WARN_INT_CONVERSION = YES;
				CLANG_WARN_NON_LITERAL_NULL_CONVERSION = YES;
				CLANG_WARN_OBJC_IMPLICIT_RETAIN_SELF = YES;
				CLANG_WARN_OBJC_LITERAL_CONVERSION = YES;
				CLANG_WARN_OBJC_ROOT_CLASS = YES_ERROR;
				CLANG_WARN_QUOTED_INCLUDE_IN_FRAMEWORK_HEADER = YES;
				CLANG_WARN_RANGE_LOOP_ANALYSIS = YES;
				CLANG_WARN_STRICT_PROTOTYPES = YES;
				CLANG_WARN_SUSPICIOUS_MOVE = YES;
				CLANG_WARN_UNGUARDED_AVAILABILITY = YES_AGGRESSIVE;
				CLANG_WARN_UNREACHABLE_CODE = YES;
				CLANG_WARN__DUPLICATE_METHOD_MATCH = YES;
				COPY_PHASE_STRIP = NO;
				DEBUG_INFORMATION_FORMAT = dwarf;
				ENABLE_STRICT_OBJC_MSGSEND = YES;
				ENABLE_TESTABILITY = YES;
				GCC_C_LANGUAGE_STANDARD = gnu11;
				GCC_DYNAMIC_NO_PIC = NO;
				GCC_NO_COMMON_BLOCKS = YES;
				GCC_OPTIMIZATION_LEVEL = 0;
				GCC_PREPROCESSOR_DEFINITIONS = (
					"DEBUG=1",
					"$(inherited)",
				);
				GCC_WARN_64_TO_32_BIT_CONVERSION = YES;
				GCC_WARN_ABOUT_RETURN_TYPE = YES_ERROR;
				GCC_WARN_UNDECLARED_SELECTOR = YES;
				GCC_WARN_UNINITIALIZED_AUTOS = YES_AGGRESSIVE;
				GCC_WARN_UNUSED_FUNCTION = YES;
				GCC_WARN_UNUSED_VARIABLE = YES;
				IPHONEOS_DEPLOYMENT_TARGET = 15.4;
				MTL_ENABLE_DEBUG_INFO = INCLUDE_SOURCE;
				MTL_FAST_MATH = YES;
				ONLY_ACTIVE_ARCH = YES;
				SDKROOT = iphoneos;
				SWIFT_ACTIVE_COMPILATION_CONDITIONS = DEBUG;
				SWIFT_OPTIMIZATION_LEVEL = "-Onone";
			};
			name = Debug;
		};
		713956A027EE558300C5F6B7 /* Release */ = {
			isa = XCBuildConfiguration;
			buildSettings = {
				ALWAYS_SEARCH_USER_PATHS = NO;
				CLANG_ANALYZER_NONNULL = YES;
				CLANG_ANALYZER_NUMBER_OBJECT_CONVERSION = YES_AGGRESSIVE;
				CLANG_CXX_LANGUAGE_STANDARD = "gnu++17";
				CLANG_ENABLE_MODULES = YES;
				CLANG_ENABLE_OBJC_ARC = YES;
				CLANG_ENABLE_OBJC_WEAK = YES;
				CLANG_WARN_BLOCK_CAPTURE_AUTORELEASING = YES;
				CLANG_WARN_BOOL_CONVERSION = YES;
				CLANG_WARN_COMMA = YES;
				CLANG_WARN_CONSTANT_CONVERSION = YES;
				CLANG_WARN_DEPRECATED_OBJC_IMPLEMENTATIONS = YES;
				CLANG_WARN_DIRECT_OBJC_ISA_USAGE = YES_ERROR;
				CLANG_WARN_DOCUMENTATION_COMMENTS = YES;
				CLANG_WARN_EMPTY_BODY = YES;
				CLANG_WARN_ENUM_CONVERSION = YES;
				CLANG_WARN_INFINITE_RECURSION = YES;
				CLANG_WARN_INT_CONVERSION = YES;
				CLANG_WARN_NON_LITERAL_NULL_CONVERSION = YES;
				CLANG_WARN_OBJC_IMPLICIT_RETAIN_SELF = YES;
				CLANG_WARN_OBJC_LITERAL_CONVERSION = YES;
				CLANG_WARN_OBJC_ROOT_CLASS = YES_ERROR;
				CLANG_WARN_QUOTED_INCLUDE_IN_FRAMEWORK_HEADER = YES;
				CLANG_WARN_RANGE_LOOP_ANALYSIS = YES;
				CLANG_WARN_STRICT_PROTOTYPES = YES;
				CLANG_WARN_SUSPICIOUS_MOVE = YES;
				CLANG_WARN_UNGUARDED_AVAILABILITY = YES_AGGRESSIVE;
				CLANG_WARN_UNREACHABLE_CODE = YES;
				CLANG_WARN__DUPLICATE_METHOD_MATCH = YES;
				COPY_PHASE_STRIP = NO;
				DEBUG_INFORMATION_FORMAT = "dwarf-with-dsym";
				ENABLE_NS_ASSERTIONS = NO;
				ENABLE_STRICT_OBJC_MSGSEND = YES;
				GCC_C_LANGUAGE_STANDARD = gnu11;
				GCC_NO_COMMON_BLOCKS = YES;
				GCC_WARN_64_TO_32_BIT_CONVERSION = YES;
				GCC_WARN_ABOUT_RETURN_TYPE = YES_ERROR;
				GCC_WARN_UNDECLARED_SELECTOR = YES;
				GCC_WARN_UNINITIALIZED_AUTOS = YES_AGGRESSIVE;
				GCC_WARN_UNUSED_FUNCTION = YES;
				GCC_WARN_UNUSED_VARIABLE = YES;
				IPHONEOS_DEPLOYMENT_TARGET = 15.4;
				MTL_ENABLE_DEBUG_INFO = NO;
				MTL_FAST_MATH = YES;
				SDKROOT = iphoneos;
				SWIFT_COMPILATION_MODE = wholemodule;
				SWIFT_OPTIMIZATION_LEVEL = "-O";
				VALIDATE_PRODUCT = YES;
			};
			name = Release;
		};
		713956A227EE558300C5F6B7 /* Debug */ = {
			isa = XCBuildConfiguration;
			buildSettings = {
				ASSETCATALOG_COMPILER_APPICON_NAME = AppIcon;
				ASSETCATALOG_COMPILER_GLOBAL_ACCENT_COLOR_NAME = AccentColor;
				CLANG_ENABLE_MODULES = YES;
				CODE_SIGN_STYLE = Automatic;
				CURRENT_PROJECT_VERSION = 1;
				DEVELOPMENT_TEAM = M7DG8QRAF9;
				GENERATE_INFOPLIST_FILE = YES;
				INFOPLIST_FILE = "Objective Bridge/Info.plist";
				INFOPLIST_KEY_UIApplicationSupportsIndirectInputEvents = YES;
				INFOPLIST_KEY_UILaunchStoryboardName = LaunchScreen;
				INFOPLIST_KEY_UIMainStoryboardFile = Main;
				INFOPLIST_KEY_UISupportedInterfaceOrientations_iPad = "UIInterfaceOrientationPortrait UIInterfaceOrientationPortraitUpsideDown UIInterfaceOrientationLandscapeLeft UIInterfaceOrientationLandscapeRight";
				INFOPLIST_KEY_UISupportedInterfaceOrientations_iPhone = "UIInterfaceOrientationPortrait UIInterfaceOrientationLandscapeLeft UIInterfaceOrientationLandscapeRight";
				LD_RUNPATH_SEARCH_PATHS = (
					"$(inherited)",
					"@executable_path/Frameworks",
				);
				MARKETING_VERSION = 1.0;
				PRODUCT_BUNDLE_IDENTIFIER = "br.poa.sprenger.Objective-Bridge";
				PRODUCT_NAME = "$(TARGET_NAME)";
				SWIFT_EMIT_LOC_STRINGS = YES;
				SWIFT_OBJC_BRIDGING_HEADER = "Objective Bridge/App/Objective Bridge-Bridging-Header.h";
				SWIFT_OPTIMIZATION_LEVEL = "-Onone";
				SWIFT_VERSION = 5.0;
				TARGETED_DEVICE_FAMILY = "1,2";
			};
			name = Debug;
		};
		713956A327EE558300C5F6B7 /* Release */ = {
			isa = XCBuildConfiguration;
			buildSettings = {
				ASSETCATALOG_COMPILER_APPICON_NAME = AppIcon;
				ASSETCATALOG_COMPILER_GLOBAL_ACCENT_COLOR_NAME = AccentColor;
				CLANG_ENABLE_MODULES = YES;
				CODE_SIGN_STYLE = Automatic;
				CURRENT_PROJECT_VERSION = 1;
				DEVELOPMENT_TEAM = M7DG8QRAF9;
				GENERATE_INFOPLIST_FILE = YES;
				INFOPLIST_FILE = "Objective Bridge/Info.plist";
				INFOPLIST_KEY_UIApplicationSupportsIndirectInputEvents = YES;
				INFOPLIST_KEY_UILaunchStoryboardName = LaunchScreen;
				INFOPLIST_KEY_UIMainStoryboardFile = Main;
				INFOPLIST_KEY_UISupportedInterfaceOrientations_iPad = "UIInterfaceOrientationPortrait UIInterfaceOrientationPortraitUpsideDown UIInterfaceOrientationLandscapeLeft UIInterfaceOrientationLandscapeRight";
				INFOPLIST_KEY_UISupportedInterfaceOrientations_iPhone = "UIInterfaceOrientationPortrait UIInterfaceOrientationLandscapeLeft UIInterfaceOrientationLandscapeRight";
				LD_RUNPATH_SEARCH_PATHS = (
					"$(inherited)",
					"@executable_path/Frameworks",
				);
				MARKETING_VERSION = 1.0;
				PRODUCT_BUNDLE_IDENTIFIER = "br.poa.sprenger.Objective-Bridge";
				PRODUCT_NAME = "$(TARGET_NAME)";
				SWIFT_EMIT_LOC_STRINGS = YES;
				SWIFT_OBJC_BRIDGING_HEADER = "Objective Bridge/App/Objective Bridge-Bridging-Header.h";
				SWIFT_VERSION = 5.0;
				TARGETED_DEVICE_FAMILY = "1,2";
			};
			name = Release;
		};
/* End XCBuildConfiguration section */

/* Begin XCConfigurationList section */
		7139568827EE558100C5F6B7 /* Build configuration list for PBXProject "Objective Bridge" */ = {
			isa = XCConfigurationList;
			buildConfigurations = (
				7139569F27EE558300C5F6B7 /* Debug */,
				713956A027EE558300C5F6B7 /* Release */,
			);
			defaultConfigurationIsVisible = 0;
			defaultConfigurationName = Release;
		};
		713956A127EE558300C5F6B7 /* Build configuration list for PBXNativeTarget "Objective Bridge" */ = {
			isa = XCConfigurationList;
			buildConfigurations = (
				713956A227EE558300C5F6B7 /* Debug */,
				713956A327EE558300C5F6B7 /* Release */,
			);
			defaultConfigurationIsVisible = 0;
			defaultConfigurationName = Release;
		};
/* End XCConfigurationList section */
	};
	rootObject = 7139568527EE558100C5F6B7 /* Project object */;
}
